// !$*UTF8*$!
{
	archiveVersion = 1;
	classes = {
	};
	objectVersion = 50;
	objects = {

/* Begin PBXBuildFile section */
		190A20D8229E01030040DC6D /* GlobalFunc.swift in Sources */ = {isa = PBXBuildFile; fileRef = 190A20D7229E01030040DC6D /* GlobalFunc.swift */; };
		190A20DA229E13970040DC6D /* MoyaCacheable.swift in Sources */ = {isa = PBXBuildFile; fileRef = 190A20D9229E13970040DC6D /* MoyaCacheable.swift */; };
		194F4957229CA076007E41CE /* AppDelegate.swift in Sources */ = {isa = PBXBuildFile; fileRef = 194F4956229CA076007E41CE /* AppDelegate.swift */; };
		194F495C229CA076007E41CE /* Main.storyboard in Resources */ = {isa = PBXBuildFile; fileRef = 194F495A229CA076007E41CE /* Main.storyboard */; };
		194F495E229CA078007E41CE /* Assets.xcassets in Resources */ = {isa = PBXBuildFile; fileRef = 194F495D229CA078007E41CE /* Assets.xcassets */; };
		194F4961229CA078007E41CE /* LaunchScreen.storyboard in Resources */ = {isa = PBXBuildFile; fileRef = 194F495F229CA078007E41CE /* LaunchScreen.storyboard */; };
		194F496C229CA078007E41CE /* Raye7TaskUITests.swift in Sources */ = {isa = PBXBuildFile; fileRef = 194F496B229CA078007E41CE /* Raye7TaskUITests.swift */; };
		19A8FEA5238034AA00FE181A /* DynamicValue.swift in Sources */ = {isa = PBXBuildFile; fileRef = 19A8FEA4238034AA00FE181A /* DynamicValue.swift */; };
		19A8FEA72380396700FE181A /* GenericDataSource.swift in Sources */ = {isa = PBXBuildFile; fileRef = 19A8FEA62380396700FE181A /* GenericDataSource.swift */; };
		19A8FEAA23803A4F00FE181A /* RepositoryDataSource.swift in Sources */ = {isa = PBXBuildFile; fileRef = 19A8FEA923803A4F00FE181A /* RepositoryDataSource.swift */; };
		19AE13C322A15CC00016F543 /* RepoModelTest.swift in Sources */ = {isa = PBXBuildFile; fileRef = 19AE13C222A15CC00016F543 /* RepoModelTest.swift */; };
		19AE13C422A168A90016F543 /* ReposCodableModel.swift in Sources */ = {isa = PBXBuildFile; fileRef = 19DCC143229CB98400883B4C /* ReposCodableModel.swift */; };
		19AE13C822A16CCF0016F543 /* RepositoriesVMTest.swift in Sources */ = {isa = PBXBuildFile; fileRef = 19AE13C722A16CCF0016F543 /* RepositoriesVMTest.swift */; };
		19D634C4229F62BD004598B2 /* RepositoriesServiceTests.swift in Sources */ = {isa = PBXBuildFile; fileRef = 19D634C3229F62BD004598B2 /* RepositoriesServiceTests.swift */; };
		19DCC144229CB98400883B4C /* ReposCodableModel.swift in Sources */ = {isa = PBXBuildFile; fileRef = 19DCC143229CB98400883B4C /* ReposCodableModel.swift */; };
		19DCC147229CC03900883B4C /* RepositoryEnum.swift in Sources */ = {isa = PBXBuildFile; fileRef = 19DCC146229CC03900883B4C /* RepositoryEnum.swift */; };
		19DCC149229CC04D00883B4C /* NetworkAdapter.swift in Sources */ = {isa = PBXBuildFile; fileRef = 19DCC148229CC04D00883B4C /* NetworkAdapter.swift */; };
		19DCC14C229CC40200883B4C /* constants.swift in Sources */ = {isa = PBXBuildFile; fileRef = 19DCC14B229CC40200883B4C /* constants.swift */; };
		19DCC150229CCC4900883B4C /* RepositoryVC.swift in Sources */ = {isa = PBXBuildFile; fileRef = 19DCC14F229CCC4900883B4C /* RepositoryVC.swift */; };
		19DCC153229CD2A800883B4C /* BaseProtocol.swift in Sources */ = {isa = PBXBuildFile; fileRef = 19DCC152229CD2A800883B4C /* BaseProtocol.swift */; };
		19DCC155229CD8CD00883B4C /* RepositoriesVM.swift in Sources */ = {isa = PBXBuildFile; fileRef = 19DCC154229CD8CD00883B4C /* RepositoriesVM.swift */; };
		19DCC157229CD94C00883B4C /* RepositoryTVC.swift in Sources */ = {isa = PBXBuildFile; fileRef = 19DCC156229CD94C00883B4C /* RepositoryTVC.swift */; };
		19DCC15A229CDF1000883B4C /* Extension+UIView.swift in Sources */ = {isa = PBXBuildFile; fileRef = 19DCC159229CDF1000883B4C /* Extension+UIView.swift */; };
		19DCC15D229CDFFE00883B4C /* CustomImageView.swift in Sources */ = {isa = PBXBuildFile; fileRef = 19DCC15C229CDFFE00883B4C /* CustomImageView.swift */; };
		19DCC15F229CE1CB00883B4C /* Extension+UIViewController.swift in Sources */ = {isa = PBXBuildFile; fileRef = 19DCC15E229CE1CB00883B4C /* Extension+UIViewController.swift */; };
		5692E2663C2FE2579BD506A5 /* Pods_Raye7Task.framework in Frameworks */ = {isa = PBXBuildFile; fileRef = 1359C0B0589FA830CD4F4646 /* Pods_Raye7Task.framework */; };
		7EC5FCFE47005023DC039208 /* Pods_Raye7TaskUITests.framework in Frameworks */ = {isa = PBXBuildFile; fileRef = 5E633282E11E680E6A63B71F /* Pods_Raye7TaskUITests.framework */; };
/* End PBXBuildFile section */

/* Begin PBXContainerItemProxy section */
		194F4968229CA078007E41CE /* PBXContainerItemProxy */ = {
			isa = PBXContainerItemProxy;
			containerPortal = 194F494B229CA076007E41CE /* Project object */;
			proxyType = 1;
			remoteGlobalIDString = 194F4952229CA076007E41CE;
			remoteInfo = Raye7Task;
		};
		19D634C6229F62BD004598B2 /* PBXContainerItemProxy */ = {
			isa = PBXContainerItemProxy;
			containerPortal = 194F494B229CA076007E41CE /* Project object */;
			proxyType = 1;
			remoteGlobalIDString = 194F4952229CA076007E41CE;
			remoteInfo = Raye7Task;
		};
/* End PBXContainerItemProxy section */

/* Begin PBXFileReference section */
		12E78F05E8C86072889D910A /* Pods-Raye7Task.debug.xcconfig */ = {isa = PBXFileReference; includeInIndex = 1; lastKnownFileType = text.xcconfig; name = "Pods-Raye7Task.debug.xcconfig"; path = "Pods/Target Support Files/Pods-Raye7Task/Pods-Raye7Task.debug.xcconfig"; sourceTree = "<group>"; };
		1359C0B0589FA830CD4F4646 /* Pods_Raye7Task.framework */ = {isa = PBXFileReference; explicitFileType = wrapper.framework; includeInIndex = 0; path = Pods_Raye7Task.framework; sourceTree = BUILT_PRODUCTS_DIR; };
		190A20D7229E01030040DC6D /* GlobalFunc.swift */ = {isa = PBXFileReference; lastKnownFileType = sourcecode.swift; path = GlobalFunc.swift; sourceTree = "<group>"; };
		190A20D9229E13970040DC6D /* MoyaCacheable.swift */ = {isa = PBXFileReference; lastKnownFileType = sourcecode.swift; path = MoyaCacheable.swift; sourceTree = "<group>"; };
		194F4953229CA076007E41CE /* Raye7Task.app */ = {isa = PBXFileReference; explicitFileType = wrapper.application; includeInIndex = 0; path = Raye7Task.app; sourceTree = BUILT_PRODUCTS_DIR; };
		194F4956229CA076007E41CE /* AppDelegate.swift */ = {isa = PBXFileReference; lastKnownFileType = sourcecode.swift; path = AppDelegate.swift; sourceTree = "<group>"; };
		194F495B229CA076007E41CE /* Base */ = {isa = PBXFileReference; lastKnownFileType = file.storyboard; name = Base; path = Base.lproj/Main.storyboard; sourceTree = "<group>"; };
		194F495D229CA078007E41CE /* Assets.xcassets */ = {isa = PBXFileReference; lastKnownFileType = folder.assetcatalog; path = Assets.xcassets; sourceTree = "<group>"; };
		194F4960229CA078007E41CE /* Base */ = {isa = PBXFileReference; lastKnownFileType = file.storyboard; name = Base; path = Base.lproj/LaunchScreen.storyboard; sourceTree = "<group>"; };
		194F4962229CA078007E41CE /* Info.plist */ = {isa = PBXFileReference; lastKnownFileType = text.plist.xml; path = Info.plist; sourceTree = "<group>"; };
		194F4967229CA078007E41CE /* Raye7TaskUITests.xctest */ = {isa = PBXFileReference; explicitFileType = wrapper.cfbundle; includeInIndex = 0; path = Raye7TaskUITests.xctest; sourceTree = BUILT_PRODUCTS_DIR; };
		194F496B229CA078007E41CE /* Raye7TaskUITests.swift */ = {isa = PBXFileReference; lastKnownFileType = sourcecode.swift; path = Raye7TaskUITests.swift; sourceTree = "<group>"; };
		194F496D229CA078007E41CE /* Info.plist */ = {isa = PBXFileReference; lastKnownFileType = text.plist.xml; path = Info.plist; sourceTree = "<group>"; };
		19A8FEA4238034AA00FE181A /* DynamicValue.swift */ = {isa = PBXFileReference; lastKnownFileType = sourcecode.swift; path = DynamicValue.swift; sourceTree = "<group>"; };
		19A8FEA62380396700FE181A /* GenericDataSource.swift */ = {isa = PBXFileReference; lastKnownFileType = sourcecode.swift; path = GenericDataSource.swift; sourceTree = "<group>"; };
		19A8FEA923803A4F00FE181A /* RepositoryDataSource.swift */ = {isa = PBXFileReference; lastKnownFileType = sourcecode.swift; path = RepositoryDataSource.swift; sourceTree = "<group>"; };
		19AE13C222A15CC00016F543 /* RepoModelTest.swift */ = {isa = PBXFileReference; lastKnownFileType = sourcecode.swift; path = RepoModelTest.swift; sourceTree = "<group>"; };
		19AE13C722A16CCF0016F543 /* RepositoriesVMTest.swift */ = {isa = PBXFileReference; lastKnownFileType = sourcecode.swift; path = RepositoriesVMTest.swift; sourceTree = "<group>"; };
		19D634C1229F62BC004598B2 /* Raye7TaskTests.xctest */ = {isa = PBXFileReference; explicitFileType = wrapper.cfbundle; includeInIndex = 0; path = Raye7TaskTests.xctest; sourceTree = BUILT_PRODUCTS_DIR; };
		19D634C3229F62BD004598B2 /* RepositoriesServiceTests.swift */ = {isa = PBXFileReference; lastKnownFileType = sourcecode.swift; path = RepositoriesServiceTests.swift; sourceTree = "<group>"; };
		19D634C5229F62BD004598B2 /* Info.plist */ = {isa = PBXFileReference; lastKnownFileType = text.plist.xml; path = Info.plist; sourceTree = "<group>"; };
		19DCC143229CB98400883B4C /* ReposCodableModel.swift */ = {isa = PBXFileReference; lastKnownFileType = sourcecode.swift; path = ReposCodableModel.swift; sourceTree = "<group>"; };
		19DCC146229CC03900883B4C /* RepositoryEnum.swift */ = {isa = PBXFileReference; lastKnownFileType = sourcecode.swift; path = RepositoryEnum.swift; sourceTree = "<group>"; };
		19DCC148229CC04D00883B4C /* NetworkAdapter.swift */ = {isa = PBXFileReference; lastKnownFileType = sourcecode.swift; path = NetworkAdapter.swift; sourceTree = "<group>"; };
		19DCC14B229CC40200883B4C /* constants.swift */ = {isa = PBXFileReference; lastKnownFileType = sourcecode.swift; path = constants.swift; sourceTree = "<group>"; };
		19DCC14F229CCC4900883B4C /* RepositoryVC.swift */ = {isa = PBXFileReference; lastKnownFileType = sourcecode.swift; path = RepositoryVC.swift; sourceTree = "<group>"; };
		19DCC152229CD2A800883B4C /* BaseProtocol.swift */ = {isa = PBXFileReference; lastKnownFileType = sourcecode.swift; path = BaseProtocol.swift; sourceTree = "<group>"; };
		19DCC154229CD8CD00883B4C /* RepositoriesVM.swift */ = {isa = PBXFileReference; lastKnownFileType = sourcecode.swift; path = RepositoriesVM.swift; sourceTree = "<group>"; };
		19DCC156229CD94C00883B4C /* RepositoryTVC.swift */ = {isa = PBXFileReference; lastKnownFileType = sourcecode.swift; path = RepositoryTVC.swift; sourceTree = "<group>"; };
		19DCC159229CDF1000883B4C /* Extension+UIView.swift */ = {isa = PBXFileReference; lastKnownFileType = sourcecode.swift; path = "Extension+UIView.swift"; sourceTree = "<group>"; };
		19DCC15C229CDFFE00883B4C /* CustomImageView.swift */ = {isa = PBXFileReference; lastKnownFileType = sourcecode.swift; path = CustomImageView.swift; sourceTree = "<group>"; };
		19DCC15E229CE1CB00883B4C /* Extension+UIViewController.swift */ = {isa = PBXFileReference; lastKnownFileType = sourcecode.swift; path = "Extension+UIViewController.swift"; sourceTree = "<group>"; };
		5E633282E11E680E6A63B71F /* Pods_Raye7TaskUITests.framework */ = {isa = PBXFileReference; explicitFileType = wrapper.framework; includeInIndex = 0; path = Pods_Raye7TaskUITests.framework; sourceTree = BUILT_PRODUCTS_DIR; };
		8CBE2C70B66C241B7B35BE3E /* Pods-Raye7Task.release.xcconfig */ = {isa = PBXFileReference; includeInIndex = 1; lastKnownFileType = text.xcconfig; name = "Pods-Raye7Task.release.xcconfig"; path = "Pods/Target Support Files/Pods-Raye7Task/Pods-Raye7Task.release.xcconfig"; sourceTree = "<group>"; };
		CC063DB4149B71DF3E577204 /* Pods-Raye7TaskUITests.debug.xcconfig */ = {isa = PBXFileReference; includeInIndex = 1; lastKnownFileType = text.xcconfig; name = "Pods-Raye7TaskUITests.debug.xcconfig"; path = "Pods/Target Support Files/Pods-Raye7TaskUITests/Pods-Raye7TaskUITests.debug.xcconfig"; sourceTree = "<group>"; };
		CEF6BB61F76B1471677BAA01 /* Pods-Raye7TaskUITests.release.xcconfig */ = {isa = PBXFileReference; includeInIndex = 1; lastKnownFileType = text.xcconfig; name = "Pods-Raye7TaskUITests.release.xcconfig"; path = "Pods/Target Support Files/Pods-Raye7TaskUITests/Pods-Raye7TaskUITests.release.xcconfig"; sourceTree = "<group>"; };
/* End PBXFileReference section */

/* Begin PBXFrameworksBuildPhase section */
		194F4950229CA076007E41CE /* Frameworks */ = {
			isa = PBXFrameworksBuildPhase;
			buildActionMask = 2147483647;
			files = (
				5692E2663C2FE2579BD506A5 /* Pods_Raye7Task.framework in Frameworks */,
			);
			runOnlyForDeploymentPostprocessing = 0;
		};
		194F4964229CA078007E41CE /* Frameworks */ = {
			isa = PBXFrameworksBuildPhase;
			buildActionMask = 2147483647;
			files = (
				7EC5FCFE47005023DC039208 /* Pods_Raye7TaskUITests.framework in Frameworks */,
			);
			runOnlyForDeploymentPostprocessing = 0;
		};
		19D634BE229F62BC004598B2 /* Frameworks */ = {
			isa = PBXFrameworksBuildPhase;
			buildActionMask = 2147483647;
			files = (
			);
			runOnlyForDeploymentPostprocessing = 0;
		};
/* End PBXFrameworksBuildPhase section */

/* Begin PBXGroup section */
		194F494A229CA076007E41CE = {
			isa = PBXGroup;
			children = (
				194F4955229CA076007E41CE /* Raye7Task */,
				194F496A229CA078007E41CE /* Raye7TaskUITests */,
				19D634C2229F62BD004598B2 /* Raye7TaskTests */,
				194F4954229CA076007E41CE /* Products */,
				82555986E81EA34705B18601 /* Pods */,
				1A9C8E2262F7C5E510DF1752 /* Frameworks */,
			);
			sourceTree = "<group>";
		};
		194F4954229CA076007E41CE /* Products */ = {
			isa = PBXGroup;
			children = (
				194F4953229CA076007E41CE /* Raye7Task.app */,
				194F4967229CA078007E41CE /* Raye7TaskUITests.xctest */,
				19D634C1229F62BC004598B2 /* Raye7TaskTests.xctest */,
			);
			name = Products;
			sourceTree = "<group>";
		};
		194F4955229CA076007E41CE /* Raye7Task */ = {
			isa = PBXGroup;
			children = (
				19DCC14A229CC3EC00883B4C /* Utilities */,
				19DCC145229CBFB100883B4C /* Service */,
				194F497D229CA8A5007E41CE /* Assets */,
				194F497C229CA872007E41CE /* Application */,
				194F4978229CA838007E41CE /* View */,
				194F4977229CA814007E41CE /* View Model */,
				194F4976229CA80F007E41CE /* Model */,
				194F4962229CA078007E41CE /* Info.plist */,
			);
			path = Raye7Task;
			sourceTree = "<group>";
		};
		194F496A229CA078007E41CE /* Raye7TaskUITests */ = {
			isa = PBXGroup;
			children = (
				194F496B229CA078007E41CE /* Raye7TaskUITests.swift */,
				194F496D229CA078007E41CE /* Info.plist */,
			);
			path = Raye7TaskUITests;
			sourceTree = "<group>";
		};
		194F4976229CA80F007E41CE /* Model */ = {
			isa = PBXGroup;
			children = (
				19DCC143229CB98400883B4C /* ReposCodableModel.swift */,
				19A8FEA4238034AA00FE181A /* DynamicValue.swift */,
				19A8FEA62380396700FE181A /* GenericDataSource.swift */,
			);
			path = Model;
			sourceTree = "<group>";
		};
		194F4977229CA814007E41CE /* View Model */ = {
			isa = PBXGroup;
			children = (
				19A8FEA8238039DA00FE181A /* Repositories */,
			);
			path = "View Model";
			sourceTree = "<group>";
		};
		194F4978229CA838007E41CE /* View */ = {
			isa = PBXGroup;
			children = (
				194F497B229CA85F007E41CE /* View Controller */,
				194F497A229CA84C007E41CE /* Storyboard */,
				194F4979229CA83E007E41CE /* Cell */,
			);
			path = View;
			sourceTree = "<group>";
		};
		194F4979229CA83E007E41CE /* Cell */ = {
			isa = PBXGroup;
			children = (
				19DCC156229CD94C00883B4C /* RepositoryTVC.swift */,
			);
			path = Cell;
			sourceTree = "<group>";
		};
		194F497A229CA84C007E41CE /* Storyboard */ = {
			isa = PBXGroup;
			children = (
				194F495F229CA078007E41CE /* LaunchScreen.storyboard */,
				194F495A229CA076007E41CE /* Main.storyboard */,
			);
			path = Storyboard;
			sourceTree = "<group>";
		};
		194F497B229CA85F007E41CE /* View Controller */ = {
			isa = PBXGroup;
			children = (
				19DCC14F229CCC4900883B4C /* RepositoryVC.swift */,
			);
			path = "View Controller";
			sourceTree = "<group>";
		};
		194F497C229CA872007E41CE /* Application */ = {
			isa = PBXGroup;
			children = (
				194F4956229CA076007E41CE /* AppDelegate.swift */,
			);
			path = Application;
			sourceTree = "<group>";
		};
		194F497D229CA8A5007E41CE /* Assets */ = {
			isa = PBXGroup;
			children = (
				194F495D229CA078007E41CE /* Assets.xcassets */,
			);
			path = Assets;
			sourceTree = "<group>";
		};
		19A8FEA8238039DA00FE181A /* Repositories */ = {
			isa = PBXGroup;
			children = (
				19DCC154229CD8CD00883B4C /* RepositoriesVM.swift */,
				19A8FEA923803A4F00FE181A /* RepositoryDataSource.swift */,
			);
			path = Repositories;
			sourceTree = "<group>";
		};
		19AE13C122A15C480016F543 /* Model */ = {
			isa = PBXGroup;
			children = (
				19AE13C222A15CC00016F543 /* RepoModelTest.swift */,
			);
			path = Model;
			sourceTree = "<group>";
		};
		19AE13C522A16A860016F543 /* Services */ = {
			isa = PBXGroup;
			children = (
				19D634C3229F62BD004598B2 /* RepositoriesServiceTests.swift */,
			);
			path = Services;
			sourceTree = "<group>";
		};
		19AE13C622A16C130016F543 /* ViewModel */ = {
			isa = PBXGroup;
			children = (
				19AE13C722A16CCF0016F543 /* RepositoriesVMTest.swift */,
			);
			path = ViewModel;
			sourceTree = "<group>";
		};
		19D634C2229F62BD004598B2 /* Raye7TaskTests */ = {
			isa = PBXGroup;
			children = (
				19AE13C622A16C130016F543 /* ViewModel */,
				19AE13C522A16A860016F543 /* Services */,
				19AE13C122A15C480016F543 /* Model */,
				19D634C5229F62BD004598B2 /* Info.plist */,
			);
			path = Raye7TaskTests;
			sourceTree = "<group>";
		};
		19DCC145229CBFB100883B4C /* Service */ = {
			isa = PBXGroup;
			children = (
				19DCC146229CC03900883B4C /* RepositoryEnum.swift */,
				19DCC148229CC04D00883B4C /* NetworkAdapter.swift */,
			);
			path = Service;
			sourceTree = "<group>";
		};
		19DCC14A229CC3EC00883B4C /* Utilities */ = {
			isa = PBXGroup;
			children = (
				19DCC15B229CDFE800883B4C /* CustomeControls */,
				19DCC158229CDEE700883B4C /* Extension */,
				19DCC151229CD28200883B4C /* Protocols */,
				19DCC14B229CC40200883B4C /* constants.swift */,
				190A20D7229E01030040DC6D /* GlobalFunc.swift */,
			);
			path = Utilities;
			sourceTree = "<group>";
		};
		19DCC151229CD28200883B4C /* Protocols */ = {
			isa = PBXGroup;
			children = (
				19DCC152229CD2A800883B4C /* BaseProtocol.swift */,
				190A20D9229E13970040DC6D /* MoyaCacheable.swift */,
			);
			path = Protocols;
			sourceTree = "<group>";
		};
		19DCC158229CDEE700883B4C /* Extension */ = {
			isa = PBXGroup;
			children = (
				19DCC159229CDF1000883B4C /* Extension+UIView.swift */,
				19DCC15E229CE1CB00883B4C /* Extension+UIViewController.swift */,
			);
			path = Extension;
			sourceTree = "<group>";
		};
		19DCC15B229CDFE800883B4C /* CustomeControls */ = {
			isa = PBXGroup;
			children = (
				19DCC15C229CDFFE00883B4C /* CustomImageView.swift */,
			);
			path = CustomeControls;
			sourceTree = "<group>";
		};
		1A9C8E2262F7C5E510DF1752 /* Frameworks */ = {
			isa = PBXGroup;
			children = (
				1359C0B0589FA830CD4F4646 /* Pods_Raye7Task.framework */,
				5E633282E11E680E6A63B71F /* Pods_Raye7TaskUITests.framework */,
			);
			name = Frameworks;
			sourceTree = "<group>";
		};
		82555986E81EA34705B18601 /* Pods */ = {
			isa = PBXGroup;
			children = (
				12E78F05E8C86072889D910A /* Pods-Raye7Task.debug.xcconfig */,
				8CBE2C70B66C241B7B35BE3E /* Pods-Raye7Task.release.xcconfig */,
				CC063DB4149B71DF3E577204 /* Pods-Raye7TaskUITests.debug.xcconfig */,
				CEF6BB61F76B1471677BAA01 /* Pods-Raye7TaskUITests.release.xcconfig */,
			);
			name = Pods;
			sourceTree = "<group>";
		};
/* End PBXGroup section */

/* Begin PBXNativeTarget section */
		194F4952229CA076007E41CE /* Raye7Task */ = {
			isa = PBXNativeTarget;
			buildConfigurationList = 194F4970229CA078007E41CE /* Build configuration list for PBXNativeTarget "Raye7Task" */;
			buildPhases = (
				666AB9C84C5C1172A8699304 /* [CP] Check Pods Manifest.lock */,
				194F494F229CA076007E41CE /* Sources */,
				194F4950229CA076007E41CE /* Frameworks */,
				194F4951229CA076007E41CE /* Resources */,
				66B4B836BA0DE803732FC3AD /* [CP] Embed Pods Frameworks */,
			);
			buildRules = (
			);
			dependencies = (
			);
			name = Raye7Task;
			productName = Raye7Task;
			productReference = 194F4953229CA076007E41CE /* Raye7Task.app */;
			productType = "com.apple.product-type.application";
		};
		194F4966229CA078007E41CE /* Raye7TaskUITests */ = {
			isa = PBXNativeTarget;
			buildConfigurationList = 194F4973229CA078007E41CE /* Build configuration list for PBXNativeTarget "Raye7TaskUITests" */;
			buildPhases = (
				58451FFB0663886A519779A5 /* [CP] Check Pods Manifest.lock */,
				194F4963229CA078007E41CE /* Sources */,
				194F4964229CA078007E41CE /* Frameworks */,
				194F4965229CA078007E41CE /* Resources */,
			);
			buildRules = (
			);
			dependencies = (
				194F4969229CA078007E41CE /* PBXTargetDependency */,
			);
			name = Raye7TaskUITests;
			productName = Raye7TaskUITests;
			productReference = 194F4967229CA078007E41CE /* Raye7TaskUITests.xctest */;
			productType = "com.apple.product-type.bundle.ui-testing";
		};
		19D634C0229F62BC004598B2 /* Raye7TaskTests */ = {
			isa = PBXNativeTarget;
			buildConfigurationList = 19D634CA229F62BD004598B2 /* Build configuration list for PBXNativeTarget "Raye7TaskTests" */;
			buildPhases = (
				19D634BD229F62BC004598B2 /* Sources */,
				19D634BE229F62BC004598B2 /* Frameworks */,
				19D634BF229F62BC004598B2 /* Resources */,
			);
			buildRules = (
			);
			dependencies = (
				19D634C7229F62BD004598B2 /* PBXTargetDependency */,
			);
			name = Raye7TaskTests;
			productName = Raye7TaskTests;
			productReference = 19D634C1229F62BC004598B2 /* Raye7TaskTests.xctest */;
			productType = "com.apple.product-type.bundle.unit-test";
		};
/* End PBXNativeTarget section */

/* Begin PBXProject section */
		194F494B229CA076007E41CE /* Project object */ = {
			isa = PBXProject;
			attributes = {
				LastSwiftUpdateCheck = 1020;
				LastUpgradeCheck = 1020;
				ORGANIZATIONNAME = Bassuni;
				TargetAttributes = {
					194F4952229CA076007E41CE = {
						CreatedOnToolsVersion = 10.2.1;
					};
					194F4966229CA078007E41CE = {
						CreatedOnToolsVersion = 10.2.1;
						TestTargetID = 194F4952229CA076007E41CE;
					};
					19D634C0229F62BC004598B2 = {
						CreatedOnToolsVersion = 10.2.1;
						TestTargetID = 194F4952229CA076007E41CE;
					};
				};
			};
			buildConfigurationList = 194F494E229CA076007E41CE /* Build configuration list for PBXProject "Raye7Task" */;
			compatibilityVersion = "Xcode 9.3";
			developmentRegion = en;
			hasScannedForEncodings = 0;
			knownRegions = (
				en,
				Base,
			);
			mainGroup = 194F494A229CA076007E41CE;
			productRefGroup = 194F4954229CA076007E41CE /* Products */;
			projectDirPath = "";
			projectRoot = "";
			targets = (
				194F4952229CA076007E41CE /* Raye7Task */,
				194F4966229CA078007E41CE /* Raye7TaskUITests */,
				19D634C0229F62BC004598B2 /* Raye7TaskTests */,
			);
		};
/* End PBXProject section */

/* Begin PBXResourcesBuildPhase section */
		194F4951229CA076007E41CE /* Resources */ = {
			isa = PBXResourcesBuildPhase;
			buildActionMask = 2147483647;
			files = (
				194F4961229CA078007E41CE /* LaunchScreen.storyboard in Resources */,
				194F495E229CA078007E41CE /* Assets.xcassets in Resources */,
				194F495C229CA076007E41CE /* Main.storyboard in Resources */,
			);
			runOnlyForDeploymentPostprocessing = 0;
		};
		194F4965229CA078007E41CE /* Resources */ = {
			isa = PBXResourcesBuildPhase;
			buildActionMask = 2147483647;
			files = (
			);
			runOnlyForDeploymentPostprocessing = 0;
		};
		19D634BF229F62BC004598B2 /* Resources */ = {
			isa = PBXResourcesBuildPhase;
			buildActionMask = 2147483647;
			files = (
			);
			runOnlyForDeploymentPostprocessing = 0;
		};
/* End PBXResourcesBuildPhase section */

/* Begin PBXShellScriptBuildPhase section */
		58451FFB0663886A519779A5 /* [CP] Check Pods Manifest.lock */ = {
			isa = PBXShellScriptBuildPhase;
			buildActionMask = 2147483647;
			files = (
			);
			inputFileListPaths = (
			);
			inputPaths = (
				"${PODS_PODFILE_DIR_PATH}/Podfile.lock",
				"${PODS_ROOT}/Manifest.lock",
			);
			name = "[CP] Check Pods Manifest.lock";
			outputFileListPaths = (
			);
			outputPaths = (
				"$(DERIVED_FILE_DIR)/Pods-Raye7TaskUITests-checkManifestLockResult.txt",
			);
			runOnlyForDeploymentPostprocessing = 0;
			shellPath = /bin/sh;
			shellScript = "diff \"${PODS_PODFILE_DIR_PATH}/Podfile.lock\" \"${PODS_ROOT}/Manifest.lock\" > /dev/null\nif [ $? != 0 ] ; then\n    # print error to STDERR\n    echo \"error: The sandbox is not in sync with the Podfile.lock. Run 'pod install' or update your CocoaPods installation.\" >&2\n    exit 1\nfi\n# This output is used by Xcode 'outputs' to avoid re-running this script phase.\necho \"SUCCESS\" > \"${SCRIPT_OUTPUT_FILE_0}\"\n";
			showEnvVarsInLog = 0;
		};
		666AB9C84C5C1172A8699304 /* [CP] Check Pods Manifest.lock */ = {
			isa = PBXShellScriptBuildPhase;
			buildActionMask = 2147483647;
			files = (
			);
			inputFileListPaths = (
			);
			inputPaths = (
				"${PODS_PODFILE_DIR_PATH}/Podfile.lock",
				"${PODS_ROOT}/Manifest.lock",
			);
			name = "[CP] Check Pods Manifest.lock";
			outputFileListPaths = (
			);
			outputPaths = (
				"$(DERIVED_FILE_DIR)/Pods-Raye7Task-checkManifestLockResult.txt",
			);
			runOnlyForDeploymentPostprocessing = 0;
			shellPath = /bin/sh;
			shellScript = "diff \"${PODS_PODFILE_DIR_PATH}/Podfile.lock\" \"${PODS_ROOT}/Manifest.lock\" > /dev/null\nif [ $? != 0 ] ; then\n    # print error to STDERR\n    echo \"error: The sandbox is not in sync with the Podfile.lock. Run 'pod install' or update your CocoaPods installation.\" >&2\n    exit 1\nfi\n# This output is used by Xcode 'outputs' to avoid re-running this script phase.\necho \"SUCCESS\" > \"${SCRIPT_OUTPUT_FILE_0}\"\n";
			showEnvVarsInLog = 0;
		};
		66B4B836BA0DE803732FC3AD /* [CP] Embed Pods Frameworks */ = {
			isa = PBXShellScriptBuildPhase;
			buildActionMask = 2147483647;
			files = (
			);
			inputFileListPaths = (
			);
			inputPaths = (
				"${SRCROOT}/Pods/Target Support Files/Pods-Raye7Task/Pods-Raye7Task-frameworks.sh",
				"${BUILT_PRODUCTS_DIR}/Alamofire/Alamofire.framework",
				"${BUILT_PRODUCTS_DIR}/Moya/Moya.framework",
				"${BUILT_PRODUCTS_DIR}/Result/Result.framework",
				"${BUILT_PRODUCTS_DIR}/SVProgressHUD/SVProgressHUD.framework",
			);
			name = "[CP] Embed Pods Frameworks";
			outputFileListPaths = (
			);
			outputPaths = (
				"${TARGET_BUILD_DIR}/${FRAMEWORKS_FOLDER_PATH}/Alamofire.framework",
				"${TARGET_BUILD_DIR}/${FRAMEWORKS_FOLDER_PATH}/Moya.framework",
				"${TARGET_BUILD_DIR}/${FRAMEWORKS_FOLDER_PATH}/Result.framework",
				"${TARGET_BUILD_DIR}/${FRAMEWORKS_FOLDER_PATH}/SVProgressHUD.framework",
			);
			runOnlyForDeploymentPostprocessing = 0;
			shellPath = /bin/sh;
			shellScript = "\"${SRCROOT}/Pods/Target Support Files/Pods-Raye7Task/Pods-Raye7Task-frameworks.sh\"\n";
			showEnvVarsInLog = 0;
		};
/* End PBXShellScriptBuildPhase section */

/* Begin PBXSourcesBuildPhase section */
		194F494F229CA076007E41CE /* Sources */ = {
			isa = PBXSourcesBuildPhase;
			buildActionMask = 2147483647;
			files = (
				190A20DA229E13970040DC6D /* MoyaCacheable.swift in Sources */,
				19DCC150229CCC4900883B4C /* RepositoryVC.swift in Sources */,
				19DCC147229CC03900883B4C /* RepositoryEnum.swift in Sources */,
				19DCC149229CC04D00883B4C /* NetworkAdapter.swift in Sources */,
				19DCC144229CB98400883B4C /* ReposCodableModel.swift in Sources */,
				194F4957229CA076007E41CE /* AppDelegate.swift in Sources */,
				19DCC15A229CDF1000883B4C /* Extension+UIView.swift in Sources */,
				19A8FEA5238034AA00FE181A /* DynamicValue.swift in Sources */,
				19DCC14C229CC40200883B4C /* constants.swift in Sources */,
				19DCC15D229CDFFE00883B4C /* CustomImageView.swift in Sources */,
				19A8FEAA23803A4F00FE181A /* RepositoryDataSource.swift in Sources */,
				19A8FEA72380396700FE181A /* GenericDataSource.swift in Sources */,
				19DCC15F229CE1CB00883B4C /* Extension+UIViewController.swift in Sources */,
				19DCC153229CD2A800883B4C /* BaseProtocol.swift in Sources */,
				19DCC155229CD8CD00883B4C /* RepositoriesVM.swift in Sources */,
				19DCC157229CD94C00883B4C /* RepositoryTVC.swift in Sources */,
				190A20D8229E01030040DC6D /* GlobalFunc.swift in Sources */,
			);
			runOnlyForDeploymentPostprocessing = 0;
		};
		194F4963229CA078007E41CE /* Sources */ = {
			isa = PBXSourcesBuildPhase;
			buildActionMask = 2147483647;
			files = (
				194F496C229CA078007E41CE /* Raye7TaskUITests.swift in Sources */,
			);
			runOnlyForDeploymentPostprocessing = 0;
		};
		19D634BD229F62BC004598B2 /* Sources */ = {
			isa = PBXSourcesBuildPhase;
			buildActionMask = 2147483647;
			files = (
				19D634C4229F62BD004598B2 /* RepositoriesServiceTests.swift in Sources */,
				19AE13C422A168A90016F543 /* ReposCodableModel.swift in Sources */,
				19AE13C822A16CCF0016F543 /* RepositoriesVMTest.swift in Sources */,
				19AE13C322A15CC00016F543 /* RepoModelTest.swift in Sources */,
			);
			runOnlyForDeploymentPostprocessing = 0;
		};
/* End PBXSourcesBuildPhase section */

/* Begin PBXTargetDependency section */
		194F4969229CA078007E41CE /* PBXTargetDependency */ = {
			isa = PBXTargetDependency;
			target = 194F4952229CA076007E41CE /* Raye7Task */;
			targetProxy = 194F4968229CA078007E41CE /* PBXContainerItemProxy */;
		};
		19D634C7229F62BD004598B2 /* PBXTargetDependency */ = {
			isa = PBXTargetDependency;
			target = 194F4952229CA076007E41CE /* Raye7Task */;
			targetProxy = 19D634C6229F62BD004598B2 /* PBXContainerItemProxy */;
		};
/* End PBXTargetDependency section */

/* Begin PBXVariantGroup section */
		194F495A229CA076007E41CE /* Main.storyboard */ = {
			isa = PBXVariantGroup;
			children = (
				194F495B229CA076007E41CE /* Base */,
			);
			name = Main.storyboard;
			sourceTree = "<group>";
		};
		194F495F229CA078007E41CE /* LaunchScreen.storyboard */ = {
			isa = PBXVariantGroup;
			children = (
				194F4960229CA078007E41CE /* Base */,
			);
			name = LaunchScreen.storyboard;
			sourceTree = "<group>";
		};
/* End PBXVariantGroup section */

/* Begin XCBuildConfiguration section */
		194F496E229CA078007E41CE /* Debug */ = {
			isa = XCBuildConfiguration;
			buildSettings = {
				ALWAYS_SEARCH_USER_PATHS = NO;
				CLANG_ANALYZER_NONNULL = YES;
				CLANG_ANALYZER_NUMBER_OBJECT_CONVERSION = YES_AGGRESSIVE;
				CLANG_CXX_LANGUAGE_STANDARD = "gnu++14";
				CLANG_CXX_LIBRARY = "libc++";
				CLANG_ENABLE_MODULES = YES;
				CLANG_ENABLE_OBJC_ARC = YES;
				CLANG_ENABLE_OBJC_WEAK = YES;
				CLANG_WARN_BLOCK_CAPTURE_AUTORELEASING = YES;
				CLANG_WARN_BOOL_CONVERSION = YES;
				CLANG_WARN_COMMA = YES;
				CLANG_WARN_CONSTANT_CONVERSION = YES;
				CLANG_WARN_DEPRECATED_OBJC_IMPLEMENTATIONS = YES;
				CLANG_WARN_DIRECT_OBJC_ISA_USAGE = YES_ERROR;
				CLANG_WARN_DOCUMENTATION_COMMENTS = YES;
				CLANG_WARN_EMPTY_BODY = YES;
				CLANG_WARN_ENUM_CONVERSION = YES;
				CLANG_WARN_INFINITE_RECURSION = YES;
				CLANG_WARN_INT_CONVERSION = YES;
				CLANG_WARN_NON_LITERAL_NULL_CONVERSION = YES;
				CLANG_WARN_OBJC_IMPLICIT_RETAIN_SELF = YES;
				CLANG_WARN_OBJC_LITERAL_CONVERSION = YES;
				CLANG_WARN_OBJC_ROOT_CLASS = YES_ERROR;
				CLANG_WARN_RANGE_LOOP_ANALYSIS = YES;
				CLANG_WARN_STRICT_PROTOTYPES = YES;
				CLANG_WARN_SUSPICIOUS_MOVE = YES;
				CLANG_WARN_UNGUARDED_AVAILABILITY = YES_AGGRESSIVE;
				CLANG_WARN_UNREACHABLE_CODE = YES;
				CLANG_WARN__DUPLICATE_METHOD_MATCH = YES;
				CODE_SIGN_IDENTITY = "iPhone Developer";
				COPY_PHASE_STRIP = NO;
				DEBUG_INFORMATION_FORMAT = dwarf;
				ENABLE_STRICT_OBJC_MSGSEND = YES;
				ENABLE_TESTABILITY = YES;
				GCC_C_LANGUAGE_STANDARD = gnu11;
				GCC_DYNAMIC_NO_PIC = NO;
				GCC_NO_COMMON_BLOCKS = YES;
				GCC_OPTIMIZATION_LEVEL = 0;
				GCC_PREPROCESSOR_DEFINITIONS = (
					"DEBUG=1",
					"$(inherited)",
				);
				GCC_WARN_64_TO_32_BIT_CONVERSION = YES;
				GCC_WARN_ABOUT_RETURN_TYPE = YES_ERROR;
				GCC_WARN_UNDECLARED_SELECTOR = YES;
				GCC_WARN_UNINITIALIZED_AUTOS = YES_AGGRESSIVE;
				GCC_WARN_UNUSED_FUNCTION = YES;
				GCC_WARN_UNUSED_VARIABLE = YES;
				IPHONEOS_DEPLOYMENT_TARGET = 12.2;
				MTL_ENABLE_DEBUG_INFO = INCLUDE_SOURCE;
				MTL_FAST_MATH = YES;
				ONLY_ACTIVE_ARCH = YES;
				SDKROOT = iphoneos;
				SWIFT_ACTIVE_COMPILATION_CONDITIONS = DEBUG;
				SWIFT_OPTIMIZATION_LEVEL = "-Onone";
			};
			name = Debug;
		};
		194F496F229CA078007E41CE /* Release */ = {
			isa = XCBuildConfiguration;
			buildSettings = {
				ALWAYS_SEARCH_USER_PATHS = NO;
				CLANG_ANALYZER_NONNULL = YES;
				CLANG_ANALYZER_NUMBER_OBJECT_CONVERSION = YES_AGGRESSIVE;
				CLANG_CXX_LANGUAGE_STANDARD = "gnu++14";
				CLANG_CXX_LIBRARY = "libc++";
				CLANG_ENABLE_MODULES = YES;
				CLANG_ENABLE_OBJC_ARC = YES;
				CLANG_ENABLE_OBJC_WEAK = YES;
				CLANG_WARN_BLOCK_CAPTURE_AUTORELEASING = YES;
				CLANG_WARN_BOOL_CONVERSION = YES;
				CLANG_WARN_COMMA = YES;
				CLANG_WARN_CONSTANT_CONVERSION = YES;
				CLANG_WARN_DEPRECATED_OBJC_IMPLEMENTATIONS = YES;
				CLANG_WARN_DIRECT_OBJC_ISA_USAGE = YES_ERROR;
				CLANG_WARN_DOCUMENTATION_COMMENTS = YES;
				CLANG_WARN_EMPTY_BODY = YES;
				CLANG_WARN_ENUM_CONVERSION = YES;
				CLANG_WARN_INFINITE_RECURSION = YES;
				CLANG_WARN_INT_CONVERSION = YES;
				CLANG_WARN_NON_LITERAL_NULL_CONVERSION = YES;
				CLANG_WARN_OBJC_IMPLICIT_RETAIN_SELF = YES;
				CLANG_WARN_OBJC_LITERAL_CONVERSION = YES;
				CLANG_WARN_OBJC_ROOT_CLASS = YES_ERROR;
				CLANG_WARN_RANGE_LOOP_ANALYSIS = YES;
				CLANG_WARN_STRICT_PROTOTYPES = YES;
				CLANG_WARN_SUSPICIOUS_MOVE = YES;
				CLANG_WARN_UNGUARDED_AVAILABILITY = YES_AGGRESSIVE;
				CLANG_WARN_UNREACHABLE_CODE = YES;
				CLANG_WARN__DUPLICATE_METHOD_MATCH = YES;
				CODE_SIGN_IDENTITY = "iPhone Developer";
				COPY_PHASE_STRIP = NO;
				DEBUG_INFORMATION_FORMAT = "dwarf-with-dsym";
				ENABLE_NS_ASSERTIONS = NO;
				ENABLE_STRICT_OBJC_MSGSEND = YES;
				GCC_C_LANGUAGE_STANDARD = gnu11;
				GCC_NO_COMMON_BLOCKS = YES;
				GCC_WARN_64_TO_32_BIT_CONVERSION = YES;
				GCC_WARN_ABOUT_RETURN_TYPE = YES_ERROR;
				GCC_WARN_UNDECLARED_SELECTOR = YES;
				GCC_WARN_UNINITIALIZED_AUTOS = YES_AGGRESSIVE;
				GCC_WARN_UNUSED_FUNCTION = YES;
				GCC_WARN_UNUSED_VARIABLE = YES;
				IPHONEOS_DEPLOYMENT_TARGET = 12.2;
				MTL_ENABLE_DEBUG_INFO = NO;
				MTL_FAST_MATH = YES;
				SDKROOT = iphoneos;
				SWIFT_COMPILATION_MODE = wholemodule;
				SWIFT_OPTIMIZATION_LEVEL = "-O";
				VALIDATE_PRODUCT = YES;
			};
			name = Release;
		};
		194F4971229CA078007E41CE /* Debug */ = {
			isa = XCBuildConfiguration;
			baseConfigurationReference = 12E78F05E8C86072889D910A /* Pods-Raye7Task.debug.xcconfig */;
			buildSettings = {
				ASSETCATALOG_COMPILER_APPICON_NAME = AppIcon;
				CODE_SIGN_STYLE = Automatic;
				DEVELOPMENT_TEAM = L3SSZK62LX;
				INFOPLIST_FILE = Raye7Task/Info.plist;
				IPHONEOS_DEPLOYMENT_TARGET = 11.0;
				LD_RUNPATH_SEARCH_PATHS = (
					"$(inherited)",
					"@executable_path/Frameworks",
				);
				PRODUCT_BUNDLE_IDENTIFIER = Bassuni.Raye7Task;
				PRODUCT_NAME = "$(TARGET_NAME)";
				SWIFT_VERSION = 5.0;
				TARGETED_DEVICE_FAMILY = "1,2";
			};
			name = Debug;
		};
		194F4972229CA078007E41CE /* Release */ = {
			isa = XCBuildConfiguration;
			baseConfigurationReference = 8CBE2C70B66C241B7B35BE3E /* Pods-Raye7Task.release.xcconfig */;
			buildSettings = {
				ASSETCATALOG_COMPILER_APPICON_NAME = AppIcon;
				CODE_SIGN_STYLE = Automatic;
				DEVELOPMENT_TEAM = L3SSZK62LX;
				INFOPLIST_FILE = Raye7Task/Info.plist;
				IPHONEOS_DEPLOYMENT_TARGET = 11.0;
				LD_RUNPATH_SEARCH_PATHS = (
					"$(inherited)",
					"@executable_path/Frameworks",
				);
				PRODUCT_BUNDLE_IDENTIFIER = Bassuni.Raye7Task;
				PRODUCT_NAME = "$(TARGET_NAME)";
				SWIFT_VERSION = 5.0;
				TARGETED_DEVICE_FAMILY = "1,2";
			};
			name = Release;
		};
		194F4974229CA078007E41CE /* Debug */ = {
			isa = XCBuildConfiguration;
			baseConfigurationReference = CC063DB4149B71DF3E577204 /* Pods-Raye7TaskUITests.debug.xcconfig */;
			buildSettings = {
				ALWAYS_EMBED_SWIFT_STANDARD_LIBRARIES = YES;
				CODE_SIGN_STYLE = Automatic;
				DEVELOPMENT_TEAM = L3SSZK62LX;
				INFOPLIST_FILE = Raye7TaskUITests/Info.plist;
				LD_RUNPATH_SEARCH_PATHS = (
					"$(inherited)",
					"@executable_path/Frameworks",
					"@loader_path/Frameworks",
				);
				PRODUCT_BUNDLE_IDENTIFIER = Bassuni.Raye7TaskUITests;
				PRODUCT_NAME = "$(TARGET_NAME)";
				SWIFT_VERSION = 5.0;
				TARGETED_DEVICE_FAMILY = "1,2";
				TEST_TARGET_NAME = Raye7Task;
			};
			name = Debug;
		};
		194F4975229CA078007E41CE /* Release */ = {
			isa = XCBuildConfiguration;
			baseConfigurationReference = CEF6BB61F76B1471677BAA01 /* Pods-Raye7TaskUITests.release.xcconfig */;
			buildSettings = {
				ALWAYS_EMBED_SWIFT_STANDARD_LIBRARIES = YES;
				CODE_SIGN_STYLE = Automatic;
				DEVELOPMENT_TEAM = L3SSZK62LX;
				INFOPLIST_FILE = Raye7TaskUITests/Info.plist;
				LD_RUNPATH_SEARCH_PATHS = (
					"$(inherited)",
					"@executable_path/Frameworks",
					"@loader_path/Frameworks",
				);
				PRODUCT_BUNDLE_IDENTIFIER = Bassuni.Raye7TaskUITests;
				PRODUCT_NAME = "$(TARGET_NAME)";
				SWIFT_VERSION = 5.0;
				TARGETED_DEVICE_FAMILY = "1,2";
				TEST_TARGET_NAME = Raye7Task;
			};
			name = Release;
		};
		19D634C8229F62BD004598B2 /* Debug */ = {
			isa = XCBuildConfiguration;
			buildSettings = {
				BUNDLE_LOADER = "$(TEST_HOST)";
				CODE_SIGN_STYLE = Automatic;
				DEVELOPMENT_TEAM = L3SSZK62LX;
				INFOPLIST_FILE = Raye7TaskTests/Info.plist;
				LD_RUNPATH_SEARCH_PATHS = (
					"$(inherited)",
					"@executable_path/Frameworks",
					"@loader_path/Frameworks",
				);
				PRODUCT_BUNDLE_IDENTIFIER = Bassuni.Raye7TaskTests;
				PRODUCT_NAME = "$(TARGET_NAME)";
				SWIFT_VERSION = 5.0;
				TARGETED_DEVICE_FAMILY = "1,2";
				TEST_HOST = "$(BUILT_PRODUCTS_DIR)/Raye7Task.app/Raye7Task";
			};
			name = Debug;
		};
		19D634C9229F62BD004598B2 /* Release */ = {
			isa = XCBuildConfiguration;
			buildSettings = {
				BUNDLE_LOADER = "$(TEST_HOST)";
				CODE_SIGN_STYLE = Automatic;
				DEVELOPMENT_TEAM = L3SSZK62LX;
				INFOPLIST_FILE = Raye7TaskTests/Info.plist;
				LD_RUNPATH_SEARCH_PATHS = (
					"$(inherited)",
					"@executable_path/Frameworks",
					"@loader_path/Frameworks",
				);
				PRODUCT_BUNDLE_IDENTIFIER = Bassuni.Raye7TaskTests;
				PRODUCT_NAME = "$(TARGET_NAME)";
				SWIFT_VERSION = 5.0;
				TARGETED_DEVICE_FAMILY = "1,2";
				TEST_HOST = "$(BUILT_PRODUCTS_DIR)/Raye7Task.app/Raye7Task";
			};
			name = Release;
		};
/* End XCBuildConfiguration section */

/* Begin XCConfigurationList section */
		194F494E229CA076007E41CE /* Build configuration list for PBXProject "Raye7Task" */ = {
			isa = XCConfigurationList;
			buildConfigurations = (
				194F496E229CA078007E41CE /* Debug */,
				194F496F229CA078007E41CE /* Release */,
			);
			defaultConfigurationIsVisible = 0;
			defaultConfigurationName = Release;
		};
		194F4970229CA078007E41CE /* Build configuration list for PBXNativeTarget "Raye7Task" */ = {
			isa = XCConfigurationList;
			buildConfigurations = (
				194F4971229CA078007E41CE /* Debug */,
				194F4972229CA078007E41CE /* Release */,
			);
			defaultConfigurationIsVisible = 0;
			defaultConfigurationName = Release;
		};
		194F4973229CA078007E41CE /* Build configuration list for PBXNativeTarget "Raye7TaskUITests" */ = {
			isa = XCConfigurationList;
			buildConfigurations = (
				194F4974229CA078007E41CE /* Debug */,
				194F4975229CA078007E41CE /* Release */,
			);
			defaultConfigurationIsVisible = 0;
			defaultConfigurationName = Release;
		};
		19D634CA229F62BD004598B2 /* Build configuration list for PBXNativeTarget "Raye7TaskTests" */ = {
			isa = XCConfigurationList;
			buildConfigurations = (
				19D634C8229F62BD004598B2 /* Debug */,
				19D634C9229F62BD004598B2 /* Release */,
			);
			defaultConfigurationIsVisible = 0;
			defaultConfigurationName = Release;
		};
/* End XCConfigurationList section */
	};
	rootObject = 194F494B229CA076007E41CE /* Project object */;
}
